
Microsoft Visual Studio Solution File, Format Version 12.00
# Visual Studio Version 17
VisualStudioVersion = 17.14.36804.6 d17.14
MinimumVisualStudioVersion = 10.0.40219.1
Project("{FAE04EC0-301F-11D3-BF4B-00C04F79EFBC}") = "BookPlatformWPF", "BookPlatformWPF\BookPlatformWPF.csproj", "{2E52839D-4DD7-4644-B2E7-27F19187ECC2}"
EndProject
Global
	GlobalSection(SolutionConfigurationPlatforms) = preSolution
		Debug|Any CPU = Debug|Any CPU
		Release|Any CPU = Release|Any CPU
	EndGlobalSection
	GlobalSection(ProjectConfigurationPlatforms) = postSolution
		{2E52839D-4DD7-4644-B2E7-27F19187ECC2}.Debug|Any CPU.ActiveCfg = Debug|Any CPU
		{2E52839D-4DD7-4644-B2E7-27F19187ECC2}.Debug|Any CPU.Build.0 = Debug|Any CPU
		{2E52839D-4DD7-4644-B2E7-27F19187ECC2}.Release|Any CPU.ActiveCfg = Release|Any CPU
		{2E52839D-4DD7-4644-B2E7-27F19187ECC2}.Release|Any CPU.Build.0 = Release|Any CPU
	EndGlobalSection
	GlobalSection(SolutionProperties) = preSolution
		HideSolutionNode = FALSE
	EndGlobalSection
	GlobalSection(ExtensibilityGlobals) = postSolution
		SolutionGuid = {7DF5679A-BE9C-40F8-8919-98C425D6151E}
	EndGlobalSection
EndGlobal
